{
  "version": 4,
  "terraform_version": "1.2.8",
  "serial": 1,
  "lineage": "ec63e7b0-02f5-c8ad-328e-678585fbeeae",
  "outputs": {},
  "resources": [
    {
      "mode": "managed",
      "type": "local_sensitive_file",
      "name": "sample_res",
      "provider": "provider[\"registry.terraform.io/hashicorp/local\"]",
      "instances": [
        {
          "schema_version": 0,
          "attributes": {
            "content": "I love Terraform",
            "content_base64": null,
            "directory_permission": "0700",
            "file_permission": "0700",
            "filename": "sample.txt",
            "id": "f0702396afaf73d3f0a3d14376a3196589381e01",
            "source": null
          },
          "sensitive_attributes": [],
          "private": "bnVsbA=="
        }
      ]
    }
  ]
}
