{
  "version": 4,
  "terraform_version": "1.2.8",
  "serial": 6,
  "lineage": "16d4967d-4798-c732-14c3-9f45db92dbed",
  "outputs": {
    "random_integer_out": {
      "value": {
        "id": "976626",
        "keepers": null,
        "max": 9999999,
        "min": 1000,
        "result": 976626,
        "seed": null
      },
      "type": [
        "object",
        {
          "id": "string",
          "keepers": [
            "map",
            "string"
          ],
          "max": "number",
          "min": "number",
          "result": "number",
          "seed": "string"
        }
      ]
    },
    "random_string_out": {
      "value": {
        "id": "sfmP9\u003cB-e+(8XGTO",
        "keepers": null,
        "length": 16,
        "lower": true,
        "min_lower": 0,
        "min_numeric": 0,
        "min_special": 0,
        "min_upper": 0,
        "number": true,
        "numeric": true,
        "override_special": "",
        "result": "sfmP9\u003cB-e+(8XGTO",
        "special": true,
        "upper": true
      },
      "type": [
        "object",
        {
          "id": "string",
          "keepers": [
            "map",
            "string"
          ],
          "length": "number",
          "lower": "bool",
          "min_lower": "number",
          "min_numeric": "number",
          "min_special": "number",
          "min_upper": "number",
          "number": "bool",
          "numeric": "bool",
          "override_special": "string",
          "result": "string",
          "special": "bool",
          "upper": "bool"
        }
      ]
    }
  },
  "resources": [
    {
      "mode": "managed",
      "type": "random_integer",
      "name": "random_number_generation",
      "provider": "provider[\"registry.terraform.io/hashicorp/random\"]",
      "instances": [
        {
          "schema_version": 0,
          "attributes": {
            "id": "976626",
            "keepers": null,
            "max": 9999999,
            "min": 1000,
            "result": 976626,
            "seed": null
          },
          "sensitive_attributes": []
        }
      ]
    },
    {
      "mode": "managed",
      "type": "random_string",
      "name": "random_string_generation",
      "provider": "provider[\"registry.terraform.io/hashicorp/random\"]",
      "instances": [
        {
          "schema_version": 2,
          "attributes": {
            "id": "sfmP9\u003cB-e+(8XGTO",
            "keepers": null,
            "length": 16,
            "lower": true,
            "min_lower": 0,
            "min_numeric": 0,
            "min_special": 0,
            "min_upper": 0,
            "number": true,
            "numeric": true,
            "override_special": "",
            "result": "sfmP9\u003cB-e+(8XGTO",
            "special": true,
            "upper": true
          },
          "sensitive_attributes": []
        }
      ]
    }
  ]
}
